
Microsoft Visual Studio Solution File, Format Version 12.00
# Visual Studio Version 17
VisualStudioVersion = 17.1.32421.90
MinimumVisualStudioVersion = 10.0.40219.1
Project("{FAE04EC0-301F-11D3-BF4B-00C04F79EFBC}") = "PDFResumeCreator", "PDFResumeCreator\PDFResumeCreator.csproj", "{A55582FB-9DA2-4E16-A5E9-5EF7EBB2F13E}"
EndProject
Global
	GlobalSection(SolutionConfigurationPlatforms) = preSolution
		Debug|Any CPU = Debug|Any CPU
		Release|Any CPU = Release|Any CPU
	EndGlobalSection
	GlobalSection(ProjectConfigurationPlatforms) = postSolution
		{A55582FB-9DA2-4E16-A5E9-5EF7EBB2F13E}.Debug|Any CPU.ActiveCfg = Debug|Any CPU
		{A55582FB-9DA2-4E16-A5E9-5EF7EBB2F13E}.Debug|Any CPU.Build.0 = Debug|Any CPU
		{A55582FB-9DA2-4E16-A5E9-5EF7EBB2F13E}.Release|Any CPU.ActiveCfg = Release|Any CPU
		{A55582FB-9DA2-4E16-A5E9-5EF7EBB2F13E}.Release|Any CPU.Build.0 = Release|Any CPU
	EndGlobalSection
	GlobalSection(SolutionProperties) = preSolution
		HideSolutionNode = FALSE
	EndGlobalSection
	GlobalSection(ExtensibilityGlobals) = postSolution
		SolutionGuid = {BDC92831-14FB-4EE4-B2DE-7868F92347D4}
	EndGlobalSection
EndGlobal
